
Microsoft Visual Studio Solution File, Format Version 12.00
# Visual Studio Version 16
VisualStudioVersion = 16.0.30907.101
MinimumVisualStudioVersion = 10.0.40219.1
Project("{FAE04EC0-301F-11D3-BF4B-00C04F79EFBC}") = "NOWE KOTKI", "NOWE KOTKI.csproj", "{C484F353-7144-48FD-B7BD-36A604248162}"
EndProject
Global
	GlobalSection(SolutionConfigurationPlatforms) = preSolution
		Debug|Any CPU = Debug|Any CPU
		Release|Any CPU = Release|Any CPU
	EndGlobalSection
	GlobalSection(ProjectConfigurationPlatforms) = postSolution
		{C484F353-7144-48FD-B7BD-36A604248162}.Debug|Any CPU.ActiveCfg = Debug|Any CPU
		{C484F353-7144-48FD-B7BD-36A604248162}.Debug|Any CPU.Build.0 = Debug|Any CPU
		{C484F353-7144-48FD-B7BD-36A604248162}.Release|Any CPU.ActiveCfg = Release|Any CPU
		{C484F353-7144-48FD-B7BD-36A604248162}.Release|Any CPU.Build.0 = Release|Any CPU
	EndGlobalSection
	GlobalSection(SolutionProperties) = preSolution
		HideSolutionNode = FALSE
	EndGlobalSection
	GlobalSection(ExtensibilityGlobals) = postSolution
		SolutionGuid = {59EDC757-A172-47A0-BCE5-C06F2BCD206D}
	EndGlobalSection
EndGlobal
